
Microsoft Visual Studio Solution File, Format Version 12.00
# Visual Studio 15
VisualStudioVersion = 15.0.28307.705
MinimumVisualStudioVersion = 10.0.40219.1
Project("{8BC9CEB8-8B4A-11D0-8D11-00A0C91BC942}") = "DX12FrameWork", "DX12FrameWork\DX12FrameWork.vcxproj", "{113E3A91-82F9-442F-BE55-5D55BBF561BB}"
EndProject
Project("{8BC9CEB8-8B4A-11D0-8D11-00A0C91BC942}") = "1_Cube", "1_Cube\1_Cube.vcxproj", "{644AF41F-06E1-4646-9870-CE8B1FA672B8}"
EndProject
Project("{8BC9CEB8-8B4A-11D0-8D11-00A0C91BC942}") = "2_RT_TrianglesRefit", "2_RT_TrianglesRefit\2_RT_TrianglesRefit.vcxproj", "{F631D231-6E89-4846-AB68-3255E002DD00}"
EndProject
Project("{8BC9CEB8-8B4A-11D0-8D11-00A0C91BC942}") = "0_Clear", "0_Clear\0_Clear.vcxproj", "{EAAB791B-D461-458E-82D2-63897C8DAD51}"
EndProject
Global
	GlobalSection(SolutionConfigurationPlatforms) = preSolution
		Debug|x64 = Debug|x64
		Debug|x86 = Debug|x86
		Release|x64 = Release|x64
		Release|x86 = Release|x86
	EndGlobalSection
	GlobalSection(ProjectConfigurationPlatforms) = postSolution
		{113E3A91-82F9-442F-BE55-5D55BBF561BB}.Debug|x64.ActiveCfg = Debug|x64
		{113E3A91-82F9-442F-BE55-5D55BBF561BB}.Debug|x64.Build.0 = Debug|x64
		{113E3A91-82F9-442F-BE55-5D55BBF561BB}.Debug|x86.ActiveCfg = Debug|Win32
		{113E3A91-82F9-442F-BE55-5D55BBF561BB}.Debug|x86.Build.0 = Debug|Win32
		{113E3A91-82F9-442F-BE55-5D55BBF561BB}.Release|x64.ActiveCfg = Release|x64
		{113E3A91-82F9-442F-BE55-5D55BBF561BB}.Release|x64.Build.0 = Release|x64
		{113E3A91-82F9-442F-BE55-5D55BBF561BB}.Release|x86.ActiveCfg = Release|Win32
		{113E3A91-82F9-442F-BE55-5D55BBF561BB}.Release|x86.Build.0 = Release|Win32
		{644AF41F-06E1-4646-9870-CE8B1FA672B8}.Debug|x64.ActiveCfg = Debug|x64
		{644AF41F-06E1-4646-9870-CE8B1FA672B8}.Debug|x64.Build.0 = Debug|x64
		{644AF41F-06E1-4646-9870-CE8B1FA672B8}.Debug|x86.ActiveCfg = Debug|Win32
		{644AF41F-06E1-4646-9870-CE8B1FA672B8}.Debug|x86.Build.0 = Debug|Win32
		{644AF41F-06E1-4646-9870-CE8B1FA672B8}.Release|x64.ActiveCfg = Release|x64
		{644AF41F-06E1-4646-9870-CE8B1FA672B8}.Release|x64.Build.0 = Release|x64
		{644AF41F-06E1-4646-9870-CE8B1FA672B8}.Release|x86.ActiveCfg = Release|Win32
		{644AF41F-06E1-4646-9870-CE8B1FA672B8}.Release|x86.Build.0 = Release|Win32
		{F631D231-6E89-4846-AB68-3255E002DD00}.Debug|x64.ActiveCfg = Debug|x64
		{F631D231-6E89-4846-AB68-3255E002DD00}.Debug|x64.Build.0 = Debug|x64
		{F631D231-6E89-4846-AB68-3255E002DD00}.Debug|x86.ActiveCfg = Debug|Win32
		{F631D231-6E89-4846-AB68-3255E002DD00}.Debug|x86.Build.0 = Debug|Win32
		{F631D231-6E89-4846-AB68-3255E002DD00}.Release|x64.ActiveCfg = Release|x64
		{F631D231-6E89-4846-AB68-3255E002DD00}.Release|x64.Build.0 = Release|x64
		{F631D231-6E89-4846-AB68-3255E002DD00}.Release|x86.ActiveCfg = Release|Win32
		{F631D231-6E89-4846-AB68-3255E002DD00}.Release|x86.Build.0 = Release|Win32
		{EAAB791B-D461-458E-82D2-63897C8DAD51}.Debug|x64.ActiveCfg = Debug|x64
		{EAAB791B-D461-458E-82D2-63897C8DAD51}.Debug|x64.Build.0 = Debug|x64
		{EAAB791B-D461-458E-82D2-63897C8DAD51}.Debug|x86.ActiveCfg = Debug|Win32
		{EAAB791B-D461-458E-82D2-63897C8DAD51}.Debug|x86.Build.0 = Debug|Win32
		{EAAB791B-D461-458E-82D2-63897C8DAD51}.Release|x64.ActiveCfg = Release|x64
		{EAAB791B-D461-458E-82D2-63897C8DAD51}.Release|x64.Build.0 = Release|x64
		{EAAB791B-D461-458E-82D2-63897C8DAD51}.Release|x86.ActiveCfg = Release|Win32
		{EAAB791B-D461-458E-82D2-63897C8DAD51}.Release|x86.Build.0 = Release|Win32
	EndGlobalSection
	GlobalSection(SolutionProperties) = preSolution
		HideSolutionNode = FALSE
	EndGlobalSection
	GlobalSection(ExtensibilityGlobals) = postSolution
		SolutionGuid = {D3468401-88E0-4962-8025-51E6C8E39DAD}
	EndGlobalSection
EndGlobal
