<?xml version="1.0" encoding="utf-8"?>
<Project ToolsVersion="4.0" xmlns="http://schemas.microsoft.com/developer/msbuild/2003">
  <ItemGroup>
    <Filter Include="FrameWork">
      <UniqueIdentifier>{a7dc5901-4f50-4b52-84da-2ce8afb5c5a5}</UniqueIdentifier>
    </Filter>
    <Filter Include="Helpers">
      <UniqueIdentifier>{c3605d5b-90ed-4a3c-b029-a6387731b57a}</UniqueIdentifier>
    </Filter>
    <Filter Include="External">
      <UniqueIdentifier>{e2280915-a338-40a4-b8de-d102a9d781f2}</UniqueIdentifier>
    </Filter>
    <Filter Include="Utils">
      <UniqueIdentifier>{6b55b1dd-4365-402d-8731-64b915dbbe9a}</UniqueIdentifier>
    </Filter>
  </ItemGroup>
  <ItemGroup>
    <ClCompile Include="Framework\Application.cpp">
      <Filter>FrameWork</Filter>
    </ClCompile>
    <ClCompile Include="Framework\CommandQueue.cpp">
      <Filter>FrameWork</Filter>
    </ClCompile>
    <ClCompile Include="Framework\Window.cpp">
      <Filter>FrameWork</Filter>
    </ClCompile>
    <ClCompile Include="External\HighResolutionClock.cpp">
      <Filter>External</Filter>
    </ClCompile>
    <ClCompile Include="main_test_framework.cpp" />
  </ItemGroup>
  <ItemGroup>
    <ClInclude Include="Framework\Application.h">
      <Filter>FrameWork</Filter>
    </ClInclude>
    <ClInclude Include="Framework\CommandQueue.h">
      <Filter>FrameWork</Filter>
    </ClInclude>
    <ClInclude Include="Framework\Window.h">
      <Filter>FrameWork</Filter>
    </ClInclude>
    <ClInclude Include="Helpers\d3dx12.h">
      <Filter>Helpers</Filter>
    </ClInclude>
    <ClInclude Include="Helpers\Helpers.h">
      <Filter>Helpers</Filter>
    </ClInclude>
    <ClInclude Include="External\HighResolutionClock.h">
      <Filter>External</Filter>
    </ClInclude>
    <ClInclude Include="Utils\Utils.h">
      <Filter>Utils</Filter>
    </ClInclude>
  </ItemGroup>
</Project>