<?xml version="1.0" encoding="utf-8"?>
<Project ToolsVersion="4.0" xmlns="http://schemas.microsoft.com/developer/msbuild/2003">
  <ItemGroup>
    <Filter Include="Source Files">
      <UniqueIdentifier>{4FC737F1-C7A5-4376-A066-2A32D752A2FF}</UniqueIdentifier>
      <Extensions>cpp;c;cc;cxx;def;odl;idl;hpj;bat;asm;asmx</Extensions>
    </Filter>
    <Filter Include="Shaders">
      <UniqueIdentifier>{06817aaa-a8cb-4fad-a692-4f45a547ed8e}</UniqueIdentifier>
    </Filter>
    <Filter Include="SceneLoader">
      <UniqueIdentifier>{e6909467-3b68-4a7d-8a48-ceb0b1d9d0c8}</UniqueIdentifier>
    </Filter>
    <Filter Include="FbxLoader">
      <UniqueIdentifier>{2461c38f-55cc-4224-ade7-a6bb49876001}</UniqueIdentifier>
    </Filter>
    <Filter Include="FbxSceneImport">
      <UniqueIdentifier>{20002d55-f0e2-4393-abe7-5230a9140be7}</UniqueIdentifier>
    </Filter>
    <Filter Include="FbxSceneImport\Common">
      <UniqueIdentifier>{17df8690-9c46-4fb3-9164-2f1f4fba3a1d}</UniqueIdentifier>
    </Filter>
  </ItemGroup>
  <ItemGroup>
    <ClInclude Include="SceneLoader\SceneContext.h">
      <Filter>SceneLoader</Filter>
    </ClInclude>
    <ClInclude Include="Mesh.h">
      <Filter>Source Files</Filter>
    </ClInclude>
    <ClInclude Include="FbxLoader\FbxLoader1.h">
      <Filter>FbxLoader</Filter>
    </ClInclude>
    <ClInclude Include="FbxSceneImport\Common\AnimationUtility.h">
      <Filter>FbxSceneImport\Common</Filter>
    </ClInclude>
    <ClInclude Include="FbxSceneImport\Common\Common.h">
      <Filter>FbxSceneImport\Common</Filter>
    </ClInclude>
    <ClInclude Include="FbxSceneImport\Common\GeometryUtility.h">
      <Filter>FbxSceneImport\Common</Filter>
    </ClInclude>
    <ClInclude Include="FbxSceneImport\DisplayAnimation.h">
      <Filter>FbxSceneImport</Filter>
    </ClInclude>
    <ClInclude Include="FbxSceneImport\DisplayCache.h">
      <Filter>FbxSceneImport</Filter>
    </ClInclude>
    <ClInclude Include="FbxSceneImport\DisplayCamera.h">
      <Filter>FbxSceneImport</Filter>
    </ClInclude>
    <ClInclude Include="FbxSceneImport\DisplayCommon.h">
      <Filter>FbxSceneImport</Filter>
    </ClInclude>
    <ClInclude Include="FbxSceneImport\DisplayGenericInfo.h">
      <Filter>FbxSceneImport</Filter>
    </ClInclude>
    <ClInclude Include="FbxSceneImport\DisplayGlobalSettings.h">
      <Filter>FbxSceneImport</Filter>
    </ClInclude>
    <ClInclude Include="FbxSceneImport\DisplayHierarchy.h">
      <Filter>FbxSceneImport</Filter>
    </ClInclude>
    <ClInclude Include="FbxSceneImport\DisplayLight.h">
      <Filter>FbxSceneImport</Filter>
    </ClInclude>
    <ClInclude Include="FbxSceneImport\DisplayLink.h">
      <Filter>FbxSceneImport</Filter>
    </ClInclude>
    <ClInclude Include="FbxSceneImport\DisplayLodGroup.h">
      <Filter>FbxSceneImport</Filter>
    </ClInclude>
    <ClInclude Include="FbxSceneImport\DisplayMarker.h">
      <Filter>FbxSceneImport</Filter>
    </ClInclude>
    <ClInclude Include="FbxSceneImport\DisplayMaterial.h">
      <Filter>FbxSceneImport</Filter>
    </ClInclude>
    <ClInclude Include="FbxSceneImport\DisplayMesh.h">
      <Filter>FbxSceneImport</Filter>
    </ClInclude>
    <ClInclude Include="FbxSceneImport\DisplayNurb.h">
      <Filter>FbxSceneImport</Filter>
    </ClInclude>
    <ClInclude Include="FbxSceneImport\DisplayPatch.h">
      <Filter>FbxSceneImport</Filter>
    </ClInclude>
    <ClInclude Include="FbxSceneImport\DisplayPivotsAndLimits.h">
      <Filter>FbxSceneImport</Filter>
    </ClInclude>
    <ClInclude Include="FbxSceneImport\DisplayPose.h">
      <Filter>FbxSceneImport</Filter>
    </ClInclude>
    <ClInclude Include="FbxSceneImport\DisplayShape.h">
      <Filter>FbxSceneImport</Filter>
    </ClInclude>
    <ClInclude Include="FbxSceneImport\DisplaySkeleton.h">
      <Filter>FbxSceneImport</Filter>
    </ClInclude>
    <ClInclude Include="FbxSceneImport\DisplayTexture.h">
      <Filter>FbxSceneImport</Filter>
    </ClInclude>
    <ClInclude Include="FbxSceneImport\DisplayUserProperties.h">
      <Filter>FbxSceneImport</Filter>
    </ClInclude>
    <ClInclude Include="FbxLoader\FbxHierarchyVisualizer.h">
      <Filter>FbxLoader</Filter>
    </ClInclude>
  </ItemGroup>
  <ItemGroup>
    <ClCompile Include="Mesh.cpp">
      <Filter>Source Files</Filter>
    </ClCompile>
    <ClCompile Include="SceneLoader\SceneContext.cxx">
      <Filter>SceneLoader</Filter>
    </ClCompile>
    <ClCompile Include="FbxSceneImport\Common\AnimationUtility.cxx">
      <Filter>FbxSceneImport\Common</Filter>
    </ClCompile>
    <ClCompile Include="FbxSceneImport\Common\Common.cxx">
      <Filter>FbxSceneImport\Common</Filter>
    </ClCompile>
    <ClCompile Include="FbxSceneImport\Common\GeometryUtility.cxx">
      <Filter>FbxSceneImport\Common</Filter>
    </ClCompile>
    <ClCompile Include="FbxSceneImport\DisplayAnimation.cxx">
      <Filter>FbxSceneImport</Filter>
    </ClCompile>
    <ClCompile Include="FbxSceneImport\DisplayCache.cxx">
      <Filter>FbxSceneImport</Filter>
    </ClCompile>
    <ClCompile Include="FbxSceneImport\DisplayCamera.cxx">
      <Filter>FbxSceneImport</Filter>
    </ClCompile>
    <ClCompile Include="FbxSceneImport\DisplayCommon.cxx">
      <Filter>FbxSceneImport</Filter>
    </ClCompile>
    <ClCompile Include="FbxSceneImport\DisplayGenericInfo.cxx">
      <Filter>FbxSceneImport</Filter>
    </ClCompile>
    <ClCompile Include="FbxSceneImport\DisplayGlobalSettings.cxx">
      <Filter>FbxSceneImport</Filter>
    </ClCompile>
    <ClCompile Include="FbxSceneImport\DisplayHierarchy.cxx">
      <Filter>FbxSceneImport</Filter>
    </ClCompile>
    <ClCompile Include="FbxSceneImport\DisplayLight.cxx">
      <Filter>FbxSceneImport</Filter>
    </ClCompile>
    <ClCompile Include="FbxSceneImport\DisplayLink.cxx">
      <Filter>FbxSceneImport</Filter>
    </ClCompile>
    <ClCompile Include="FbxSceneImport\DisplayLodGroup.cxx">
      <Filter>FbxSceneImport</Filter>
    </ClCompile>
    <ClCompile Include="FbxSceneImport\DisplayMarker.cxx">
      <Filter>FbxSceneImport</Filter>
    </ClCompile>
    <ClCompile Include="FbxSceneImport\DisplayMaterial.cxx">
      <Filter>FbxSceneImport</Filter>
    </ClCompile>
    <ClCompile Include="FbxSceneImport\DisplayMesh.cxx">
      <Filter>FbxSceneImport</Filter>
    </ClCompile>
    <ClCompile Include="FbxSceneImport\DisplayNurb.cxx">
      <Filter>FbxSceneImport</Filter>
    </ClCompile>
    <ClCompile Include="FbxSceneImport\DisplayPatch.cxx">
      <Filter>FbxSceneImport</Filter>
    </ClCompile>
    <ClCompile Include="FbxSceneImport\DisplayPivotsAndLimits.cxx">
      <Filter>FbxSceneImport</Filter>
    </ClCompile>
    <ClCompile Include="FbxSceneImport\DisplayPose.cxx">
      <Filter>FbxSceneImport</Filter>
    </ClCompile>
    <ClCompile Include="FbxSceneImport\DisplayShape.cxx">
      <Filter>FbxSceneImport</Filter>
    </ClCompile>
    <ClCompile Include="FbxSceneImport\DisplaySkeleton.cxx">
      <Filter>FbxSceneImport</Filter>
    </ClCompile>
    <ClCompile Include="FbxSceneImport\DisplayTexture.cxx">
      <Filter>FbxSceneImport</Filter>
    </ClCompile>
    <ClCompile Include="FbxSceneImport\DisplayUserProperties.cxx">
      <Filter>FbxSceneImport</Filter>
    </ClCompile>
    <ClCompile Include="main.cxx">
      <Filter>Source Files</Filter>
    </ClCompile>
  </ItemGroup>
  <ItemGroup>
    <FxCompile Include="Shaders\PixelShader.hlsl">
      <Filter>Shaders</Filter>
    </FxCompile>
    <FxCompile Include="Shaders\VertexShader.hlsl">
      <Filter>Shaders</Filter>
    </FxCompile>
  </ItemGroup>
</Project>